// !$*UTF8*$!
{
	archiveVersion = 1;
	classes = {
	};
	objectVersion = 46;
	objects = {

/* Begin PBXBuildFile section */
		BA41600A1BFBB66A008086B3 /* Fabric.framework in Frameworks */ = {isa = PBXBuildFile; fileRef = BA4160081BFBB66A008086B3 /* Fabric.framework */; };
		BA41600B1BFBB66A008086B3 /* Crashlytics.framework in Frameworks */ = {isa = PBXBuildFile; fileRef = BA4160091BFBB66A008086B3 /* Crashlytics.framework */; };
		BA50C9821BC4782D00305108 /* User.swift in Sources */ = {isa = PBXBuildFile; fileRef = BA50C9811BC4782D00305108 /* User.swift */; };
		BA50C9921BC48D9400305108 /* ProfileTVC.swift in Sources */ = {isa = PBXBuildFile; fileRef = BA50C9911BC48D9400305108 /* ProfileTVC.swift */; };
		BA50C9A01BC4F36100305108 /* Default-568h@2x.png in Resources */ = {isa = PBXBuildFile; fileRef = BA50C99F1BC4F36100305108 /* Default-568h@2x.png */; };
		BA5CC42A1BD168E9003A9642 /* JudgingVC.swift in Sources */ = {isa = PBXBuildFile; fileRef = BA5CC4291BD168E9003A9642 /* JudgingVC.swift */; };
		BA5CC42C1BD170E9003A9642 /* GameDetailVC.swift in Sources */ = {isa = PBXBuildFile; fileRef = BA5CC42B1BD170E9003A9642 /* GameDetailVC.swift */; };
		BA5CC42E1BD180B3003A9642 /* ProfileCell.swift in Sources */ = {isa = PBXBuildFile; fileRef = BA5CC42D1BD180B3003A9642 /* ProfileCell.swift */; };
		BA5CC4321BD18B12003A9642 /* GameCell.swift in Sources */ = {isa = PBXBuildFile; fileRef = BA5CC4311BD18B12003A9642 /* GameCell.swift */; };
		BA60F00B1C04F4AD00456701 /* Colors.swift in Sources */ = {isa = PBXBuildFile; fileRef = BA60F00A1C04F4AD00456701 /* Colors.swift */; };
		BA8482AC1BA338EF00A3CE99 /* AppDelegate.swift in Sources */ = {isa = PBXBuildFile; fileRef = BA8482AB1BA338EF00A3CE99 /* AppDelegate.swift */; };
		BA8482B31BA338EF00A3CE99 /* Main.storyboard in Resources */ = {isa = PBXBuildFile; fileRef = BA8482B11BA338EF00A3CE99 /* Main.storyboard */; };
		BA8482B81BA338EF00A3CE99 /* LaunchScreen.xib in Resources */ = {isa = PBXBuildFile; fileRef = BA8482B61BA338EF00A3CE99 /* LaunchScreen.xib */; };
		BA8482C41BA338EF00A3CE99 /* MelodiousTests.swift in Sources */ = {isa = PBXBuildFile; fileRef = BA8482C31BA338EF00A3CE99 /* MelodiousTests.swift */; };
		BA8482CE1BA33B6800A3CE99 /* AudioToolbox.framework in Frameworks */ = {isa = PBXBuildFile; fileRef = BA8482CD1BA33B6800A3CE99 /* AudioToolbox.framework */; };
		BA8482D01BA33B6D00A3CE99 /* CFNetwork.framework in Frameworks */ = {isa = PBXBuildFile; fileRef = BA8482CF1BA33B6D00A3CE99 /* CFNetwork.framework */; };
		BA8482D21BA33B7300A3CE99 /* CoreGraphics.framework in Frameworks */ = {isa = PBXBuildFile; fileRef = BA8482D11BA33B7300A3CE99 /* CoreGraphics.framework */; };
		BA8482D41BA33B7900A3CE99 /* CoreLocation.framework in Frameworks */ = {isa = PBXBuildFile; fileRef = BA8482D31BA33B7900A3CE99 /* CoreLocation.framework */; };
		BA8482D61BA33BB500A3CE99 /* QuartzCore.framework in Frameworks */ = {isa = PBXBuildFile; fileRef = BA8482D51BA33BB500A3CE99 /* QuartzCore.framework */; };
		BA8482D81BA33BBB00A3CE99 /* Security.framework in Frameworks */ = {isa = PBXBuildFile; fileRef = BA8482D71BA33BBB00A3CE99 /* Security.framework */; };
		BA8482DA1BA33BC200A3CE99 /* StoreKit.framework in Frameworks */ = {isa = PBXBuildFile; fileRef = BA8482D91BA33BC200A3CE99 /* StoreKit.framework */; };
		BA8482DC1BA33BCD00A3CE99 /* SystemConfiguration.framework in Frameworks */ = {isa = PBXBuildFile; fileRef = BA8482DB1BA33BCD00A3CE99 /* SystemConfiguration.framework */; };
		BA8482DE1BA33BDD00A3CE99 /* libz.dylib in Frameworks */ = {isa = PBXBuildFile; fileRef = BA8482DD1BA33BDD00A3CE99 /* libz.dylib */; };
		BA8482E01BA33BE700A3CE99 /* libsqlite3.dylib in Frameworks */ = {isa = PBXBuildFile; fileRef = BA8482DF1BA33BE700A3CE99 /* libsqlite3.dylib */; };
		BA8482E21BA33BEE00A3CE99 /* Accounts.framework in Frameworks */ = {isa = PBXBuildFile; fileRef = BA8482E11BA33BEE00A3CE99 /* Accounts.framework */; };
		BA8482E41BA33BFA00A3CE99 /* Social.framework in Frameworks */ = {isa = PBXBuildFile; fileRef = BA8482E31BA33BFA00A3CE99 /* Social.framework */; };
		BA8482F61BA34F2100A3CE99 /* SongsTVC.swift in Sources */ = {isa = PBXBuildFile; fileRef = BA8482F51BA34F2100A3CE99 /* SongsTVC.swift */; };
		BA8BDC501BDD6B2E008AE258 /* HomeHeaderCell.swift in Sources */ = {isa = PBXBuildFile; fileRef = BA8BDC4F1BDD6B2E008AE258 /* HomeHeaderCell.swift */; };
		BA8BDC521BDDCE19008AE258 /* FriendsSearchTVC.swift in Sources */ = {isa = PBXBuildFile; fileRef = BA8BDC511BDDCE19008AE258 /* FriendsSearchTVC.swift */; };
		BA90B2051BFCFCF7008A77D2 /* ReachabilityHelper.swift in Sources */ = {isa = PBXBuildFile; fileRef = BA90B2041BFCFCF7008A77D2 /* ReachabilityHelper.swift */; };
		BA9431361BED2B5000E680D0 /* FriendCell.swift in Sources */ = {isa = PBXBuildFile; fileRef = BA9431351BED2B5000E680D0 /* FriendCell.swift */; };
		BA9D11761BE9432F002F6C08 /* JudgingVC2.swift in Sources */ = {isa = PBXBuildFile; fileRef = BA9D11751BE9432F002F6C08 /* JudgingVC2.swift */; };
		BAB165451BBF3A420078C280 /* NewGameCell.swift in Sources */ = {isa = PBXBuildFile; fileRef = BAB165441BBF3A420078C280 /* NewGameCell.swift */; };
		BAC0A0F81BC2FA6F00A114E2 /* Game.swift in Sources */ = {isa = PBXBuildFile; fileRef = BAC0A0F71BC2FA6F00A114E2 /* Game.swift */; };
		BAC2266F1C0D63E3003FAE0B /* DebugOptions.swift in Sources */ = {isa = PBXBuildFile; fileRef = BAC2266E1C0D63E3003FAE0B /* DebugOptions.swift */; };
		BAC591A91BE8318E00D3C8CC /* LoginVC.swift in Sources */ = {isa = PBXBuildFile; fileRef = BAC591A81BE8318E00D3C8CC /* LoginVC.swift */; };
		BAC591AB1BE83B5900D3C8CC /* Images.xcassets in Resources */ = {isa = PBXBuildFile; fileRef = BAC591AA1BE83B5900D3C8CC /* Images.xcassets */; };
		BAC591AD1BE8567000D3C8CC /* RatingControlVC.swift in Sources */ = {isa = PBXBuildFile; fileRef = BAC591AC1BE8567000D3C8CC /* RatingControlVC.swift */; };
		BACD55071BBDF4780071C22B /* HomeTVC.swift in Sources */ = {isa = PBXBuildFile; fileRef = BACD55061BBDF4780071C22B /* HomeTVC.swift */; };
		BAD1C9DF1BCDED3F00A49E72 /* AnswerChallengeVC.swift in Sources */ = {isa = PBXBuildFile; fileRef = BAD1C9DE1BCDED3F00A49E72 /* AnswerChallengeVC.swift */; };
		BAE280251C0D8052007192D0 /* Bolts.framework in Frameworks */ = {isa = PBXBuildFile; fileRef = BAE280231C0D8052007192D0 /* Bolts.framework */; };
		BAE280261C0D8052007192D0 /* Parse.framework in Frameworks */ = {isa = PBXBuildFile; fileRef = BAE280241C0D8052007192D0 /* Parse.framework */; };
		BAE280281C0D8060007192D0 /* ParseFacebookUtilsV4.framework in Frameworks */ = {isa = PBXBuildFile; fileRef = BAE280271C0D8060007192D0 /* ParseFacebookUtilsV4.framework */; };
		BAE2802A1C0D8067007192D0 /* ParseUI.framework in Frameworks */ = {isa = PBXBuildFile; fileRef = BAE280291C0D8067007192D0 /* ParseUI.framework */; };
		BAE2802D1C0D813C007192D0 /* FBSDKCoreKit.framework in Frameworks */ = {isa = PBXBuildFile; fileRef = BAE2802B1C0D813C007192D0 /* FBSDKCoreKit.framework */; };
		BAE2802E1C0D813C007192D0 /* FBSDKLoginKit.framework in Frameworks */ = {isa = PBXBuildFile; fileRef = BAE2802C1C0D813C007192D0 /* FBSDKLoginKit.framework */; };
		BAE640521BFA814800A5CCF2 /* AlertHelper.swift in Sources */ = {isa = PBXBuildFile; fileRef = BAE640511BFA814800A5CCF2 /* AlertHelper.swift */; };
		BAE640541BFAA2AB00A5CCF2 /* PointsFromViewCount.swift in Sources */ = {isa = PBXBuildFile; fileRef = BAE640531BFAA2AB00A5CCF2 /* PointsFromViewCount.swift */; };
		BAE668301BCEC4A100C3FFE2 /* SubmitSongVC.swift in Sources */ = {isa = PBXBuildFile; fileRef = BAE6682F1BCEC4A100C3FFE2 /* SubmitSongVC.swift */; };
		BAE6683C1BCECC6700C3FFE2 /* SongsCell.swift in Sources */ = {isa = PBXBuildFile; fileRef = BAE6683B1BCECC6700C3FFE2 /* SongsCell.swift */; };
		BAE668471BCEDD7900C3FFE2 /* YTPlayerView-iframe-player.html in Resources */ = {isa = PBXBuildFile; fileRef = BAE668441BCEDD7900C3FFE2 /* YTPlayerView-iframe-player.html */; };
		BAE668481BCEDD7900C3FFE2 /* YTPlayerView.m in Sources */ = {isa = PBXBuildFile; fileRef = BAE668461BCEDD7900C3FFE2 /* YTPlayerView.m */; };
/* End PBXBuildFile section */

/* Begin PBXContainerItemProxy section */
		BA8482BE1BA338EF00A3CE99 /* PBXContainerItemProxy */ = {
			isa = PBXContainerItemProxy;
			containerPortal = BA84829E1BA338EF00A3CE99 /* Project object */;
			proxyType = 1;
			remoteGlobalIDString = BA8482A51BA338EF00A3CE99;
			remoteInfo = Melodious;
		};
/* End PBXContainerItemProxy section */

/* Begin PBXFileReference section */
		BA4160081BFBB66A008086B3 /* Fabric.framework */ = {isa = PBXFileReference; lastKnownFileType = wrapper.framework; path = Fabric.framework; sourceTree = SOURCE_ROOT; };
		BA4160091BFBB66A008086B3 /* Crashlytics.framework */ = {isa = PBXFileReference; lastKnownFileType = wrapper.framework; path = Crashlytics.framework; sourceTree = SOURCE_ROOT; };
		BA50C9811BC4782D00305108 /* User.swift */ = {isa = PBXFileReference; fileEncoding = 4; lastKnownFileType = sourcecode.swift; path = User.swift; sourceTree = "<group>"; };
		BA50C9911BC48D9400305108 /* ProfileTVC.swift */ = {isa = PBXFileReference; fileEncoding = 4; lastKnownFileType = sourcecode.swift; path = ProfileTVC.swift; sourceTree = "<group>"; };
		BA50C99F1BC4F36100305108 /* Default-568h@2x.png */ = {isa = PBXFileReference; lastKnownFileType = image.png; path = "Default-568h@2x.png"; sourceTree = "<group>"; };
		BA5CC4291BD168E9003A9642 /* JudgingVC.swift */ = {isa = PBXFileReference; fileEncoding = 4; lastKnownFileType = sourcecode.swift; path = JudgingVC.swift; sourceTree = "<group>"; };
		BA5CC42B1BD170E9003A9642 /* GameDetailVC.swift */ = {isa = PBXFileReference; fileEncoding = 4; lastKnownFileType = sourcecode.swift; path = GameDetailVC.swift; sourceTree = "<group>"; };
		BA5CC42D1BD180B3003A9642 /* ProfileCell.swift */ = {isa = PBXFileReference; fileEncoding = 4; lastKnownFileType = sourcecode.swift; path = ProfileCell.swift; sourceTree = "<group>"; };
		BA5CC4311BD18B12003A9642 /* GameCell.swift */ = {isa = PBXFileReference; fileEncoding = 4; lastKnownFileType = sourcecode.swift; path = GameCell.swift; sourceTree = "<group>"; };
		BA60F00A1C04F4AD00456701 /* Colors.swift */ = {isa = PBXFileReference; fileEncoding = 4; lastKnownFileType = sourcecode.swift; path = Colors.swift; sourceTree = "<group>"; };
		BA8482A61BA338EF00A3CE99 /* Melodious.app */ = {isa = PBXFileReference; explicitFileType = wrapper.application; includeInIndex = 0; path = Melodious.app; sourceTree = BUILT_PRODUCTS_DIR; };
		BA8482AA1BA338EF00A3CE99 /* Info.plist */ = {isa = PBXFileReference; lastKnownFileType = text.plist.xml; path = Info.plist; sourceTree = "<group>"; };
		BA8482AB1BA338EF00A3CE99 /* AppDelegate.swift */ = {isa = PBXFileReference; lastKnownFileType = sourcecode.swift; path = AppDelegate.swift; sourceTree = "<group>"; };
		BA8482B21BA338EF00A3CE99 /* Base */ = {isa = PBXFileReference; lastKnownFileType = file.storyboard; name = Base; path = Base.lproj/Main.storyboard; sourceTree = "<group>"; };
		BA8482B71BA338EF00A3CE99 /* Base */ = {isa = PBXFileReference; lastKnownFileType = file.xib; name = Base; path = Base.lproj/LaunchScreen.xib; sourceTree = "<group>"; };
		BA8482BD1BA338EF00A3CE99 /* MelodiousTests.xctest */ = {isa = PBXFileReference; explicitFileType = wrapper.cfbundle; includeInIndex = 0; path = MelodiousTests.xctest; sourceTree = BUILT_PRODUCTS_DIR; };
		BA8482C21BA338EF00A3CE99 /* Info.plist */ = {isa = PBXFileReference; lastKnownFileType = text.plist.xml; path = Info.plist; sourceTree = "<group>"; };
		BA8482C31BA338EF00A3CE99 /* MelodiousTests.swift */ = {isa = PBXFileReference; lastKnownFileType = sourcecode.swift; path = MelodiousTests.swift; sourceTree = "<group>"; };
		BA8482CD1BA33B6800A3CE99 /* AudioToolbox.framework */ = {isa = PBXFileReference; lastKnownFileType = wrapper.framework; name = AudioToolbox.framework; path = System/Library/Frameworks/AudioToolbox.framework; sourceTree = SDKROOT; };
		BA8482CF1BA33B6D00A3CE99 /* CFNetwork.framework */ = {isa = PBXFileReference; lastKnownFileType = wrapper.framework; name = CFNetwork.framework; path = System/Library/Frameworks/CFNetwork.framework; sourceTree = SDKROOT; };
		BA8482D11BA33B7300A3CE99 /* CoreGraphics.framework */ = {isa = PBXFileReference; lastKnownFileType = wrapper.framework; name = CoreGraphics.framework; path = System/Library/Frameworks/CoreGraphics.framework; sourceTree = SDKROOT; };
		BA8482D31BA33B7900A3CE99 /* CoreLocation.framework */ = {isa = PBXFileReference; lastKnownFileType = wrapper.framework; name = CoreLocation.framework; path = System/Library/Frameworks/CoreLocation.framework; sourceTree = SDKROOT; };
		BA8482D51BA33BB500A3CE99 /* QuartzCore.framework */ = {isa = PBXFileReference; lastKnownFileType = wrapper.framework; name = QuartzCore.framework; path = System/Library/Frameworks/QuartzCore.framework; sourceTree = SDKROOT; };
		BA8482D71BA33BBB00A3CE99 /* Security.framework */ = {isa = PBXFileReference; lastKnownFileType = wrapper.framework; name = Security.framework; path = System/Library/Frameworks/Security.framework; sourceTree = SDKROOT; };
		BA8482D91BA33BC200A3CE99 /* StoreKit.framework */ = {isa = PBXFileReference; lastKnownFileType = wrapper.framework; name = StoreKit.framework; path = System/Library/Frameworks/StoreKit.framework; sourceTree = SDKROOT; };
		BA8482DB1BA33BCD00A3CE99 /* SystemConfiguration.framework */ = {isa = PBXFileReference; lastKnownFileType = wrapper.framework; name = SystemConfiguration.framework; path = System/Library/Frameworks/SystemConfiguration.framework; sourceTree = SDKROOT; };
		BA8482DD1BA33BDD00A3CE99 /* libz.dylib */ = {isa = PBXFileReference; lastKnownFileType = "compiled.mach-o.dylib"; name = libz.dylib; path = usr/lib/libz.dylib; sourceTree = SDKROOT; };
		BA8482DF1BA33BE700A3CE99 /* libsqlite3.dylib */ = {isa = PBXFileReference; lastKnownFileType = "compiled.mach-o.dylib"; name = libsqlite3.dylib; path = usr/lib/libsqlite3.dylib; sourceTree = SDKROOT; };
		BA8482E11BA33BEE00A3CE99 /* Accounts.framework */ = {isa = PBXFileReference; lastKnownFileType = wrapper.framework; name = Accounts.framework; path = System/Library/Frameworks/Accounts.framework; sourceTree = SDKROOT; };
		BA8482E31BA33BFA00A3CE99 /* Social.framework */ = {isa = PBXFileReference; lastKnownFileType = wrapper.framework; name = Social.framework; path = System/Library/Frameworks/Social.framework; sourceTree = SDKROOT; };
		BA8482F51BA34F2100A3CE99 /* SongsTVC.swift */ = {isa = PBXFileReference; fileEncoding = 4; lastKnownFileType = sourcecode.swift; path = SongsTVC.swift; sourceTree = "<group>"; };
		BA8BDC4F1BDD6B2E008AE258 /* HomeHeaderCell.swift */ = {isa = PBXFileReference; fileEncoding = 4; lastKnownFileType = sourcecode.swift; path = HomeHeaderCell.swift; sourceTree = "<group>"; };
		BA8BDC511BDDCE19008AE258 /* FriendsSearchTVC.swift */ = {isa = PBXFileReference; fileEncoding = 4; lastKnownFileType = sourcecode.swift; path = FriendsSearchTVC.swift; sourceTree = "<group>"; };
		BA90B2041BFCFCF7008A77D2 /* ReachabilityHelper.swift */ = {isa = PBXFileReference; fileEncoding = 4; lastKnownFileType = sourcecode.swift; path = ReachabilityHelper.swift; sourceTree = "<group>"; };
		BA9431351BED2B5000E680D0 /* FriendCell.swift */ = {isa = PBXFileReference; fileEncoding = 4; lastKnownFileType = sourcecode.swift; path = FriendCell.swift; sourceTree = "<group>"; };
		BA9D11751BE9432F002F6C08 /* JudgingVC2.swift */ = {isa = PBXFileReference; fileEncoding = 4; lastKnownFileType = sourcecode.swift; path = JudgingVC2.swift; sourceTree = "<group>"; };
		BAB165441BBF3A420078C280 /* NewGameCell.swift */ = {isa = PBXFileReference; fileEncoding = 4; lastKnownFileType = sourcecode.swift; path = NewGameCell.swift; sourceTree = "<group>"; };
		BAC0A0F71BC2FA6F00A114E2 /* Game.swift */ = {isa = PBXFileReference; fileEncoding = 4; lastKnownFileType = sourcecode.swift; path = Game.swift; sourceTree = "<group>"; };
		BAC2266E1C0D63E3003FAE0B /* DebugOptions.swift */ = {isa = PBXFileReference; fileEncoding = 4; lastKnownFileType = sourcecode.swift; path = DebugOptions.swift; sourceTree = "<group>"; };
		BAC591A81BE8318E00D3C8CC /* LoginVC.swift */ = {isa = PBXFileReference; fileEncoding = 4; lastKnownFileType = sourcecode.swift; path = LoginVC.swift; sourceTree = "<group>"; };
		BAC591AA1BE83B5900D3C8CC /* Images.xcassets */ = {isa = PBXFileReference; lastKnownFileType = folder.assetcatalog; path = Images.xcassets; sourceTree = "<group>"; };
		BAC591AC1BE8567000D3C8CC /* RatingControlVC.swift */ = {isa = PBXFileReference; fileEncoding = 4; lastKnownFileType = sourcecode.swift; path = RatingControlVC.swift; sourceTree = "<group>"; };
		BACD55061BBDF4780071C22B /* HomeTVC.swift */ = {isa = PBXFileReference; fileEncoding = 4; lastKnownFileType = sourcecode.swift; path = HomeTVC.swift; sourceTree = "<group>"; };
		BAD1C9DE1BCDED3F00A49E72 /* AnswerChallengeVC.swift */ = {isa = PBXFileReference; fileEncoding = 4; lastKnownFileType = sourcecode.swift; path = AnswerChallengeVC.swift; sourceTree = "<group>"; };
		BAE280231C0D8052007192D0 /* Bolts.framework */ = {isa = PBXFileReference; lastKnownFileType = wrapper.framework; path = Bolts.framework; sourceTree = "<group>"; };
		BAE280241C0D8052007192D0 /* Parse.framework */ = {isa = PBXFileReference; lastKnownFileType = wrapper.framework; path = Parse.framework; sourceTree = "<group>"; };
		BAE280271C0D8060007192D0 /* ParseFacebookUtilsV4.framework */ = {isa = PBXFileReference; lastKnownFileType = wrapper.framework; path = ParseFacebookUtilsV4.framework; sourceTree = "<group>"; };
		BAE280291C0D8067007192D0 /* ParseUI.framework */ = {isa = PBXFileReference; lastKnownFileType = wrapper.framework; path = ParseUI.framework; sourceTree = "<group>"; };
		BAE2802B1C0D813C007192D0 /* FBSDKCoreKit.framework */ = {isa = PBXFileReference; lastKnownFileType = wrapper.framework; path = FBSDKCoreKit.framework; sourceTree = "<group>"; };
		BAE2802C1C0D813C007192D0 /* FBSDKLoginKit.framework */ = {isa = PBXFileReference; lastKnownFileType = wrapper.framework; path = FBSDKLoginKit.framework; sourceTree = "<group>"; };
		BAE640511BFA814800A5CCF2 /* AlertHelper.swift */ = {isa = PBXFileReference; fileEncoding = 4; lastKnownFileType = sourcecode.swift; path = AlertHelper.swift; sourceTree = "<group>"; };
		BAE640531BFAA2AB00A5CCF2 /* PointsFromViewCount.swift */ = {isa = PBXFileReference; fileEncoding = 4; lastKnownFileType = sourcecode.swift; path = PointsFromViewCount.swift; sourceTree = "<group>"; };
		BAE6682F1BCEC4A100C3FFE2 /* SubmitSongVC.swift */ = {isa = PBXFileReference; fileEncoding = 4; lastKnownFileType = sourcecode.swift; path = SubmitSongVC.swift; sourceTree = "<group>"; };
		BAE6683B1BCECC6700C3FFE2 /* SongsCell.swift */ = {isa = PBXFileReference; fileEncoding = 4; lastKnownFileType = sourcecode.swift; path = SongsCell.swift; sourceTree = "<group>"; };
		BAE6683F1BCEDD6900C3FFE2 /* Melodious-Bridging-Header.h */ = {isa = PBXFileReference; lastKnownFileType = sourcecode.c.h; path = "Melodious-Bridging-Header.h"; sourceTree = SOURCE_ROOT; };
		BAE668441BCEDD7900C3FFE2 /* YTPlayerView-iframe-player.html */ = {isa = PBXFileReference; fileEncoding = 4; lastKnownFileType = text.html; path = "YTPlayerView-iframe-player.html"; sourceTree = "<group>"; };
		BAE668451BCEDD7900C3FFE2 /* YTPlayerView.h */ = {isa = PBXFileReference; fileEncoding = 4; lastKnownFileType = sourcecode.c.h; path = YTPlayerView.h; sourceTree = "<group>"; };
		BAE668461BCEDD7900C3FFE2 /* YTPlayerView.m */ = {isa = PBXFileReference; fileEncoding = 4; lastKnownFileType = sourcecode.c.objc; path = YTPlayerView.m; sourceTree = "<group>"; };
/* End PBXFileReference section */

/* Begin PBXFrameworksBuildPhase section */
		BA8482A31BA338EF00A3CE99 /* Frameworks */ = {
			isa = PBXFrameworksBuildPhase;
			buildActionMask = 2147483647;
			files = (
				BAE2802A1C0D8067007192D0 /* ParseUI.framework in Frameworks */,
				BAE280281C0D8060007192D0 /* ParseFacebookUtilsV4.framework in Frameworks */,
				BAE2802E1C0D813C007192D0 /* FBSDKLoginKit.framework in Frameworks */,
				BA41600A1BFBB66A008086B3 /* Fabric.framework in Frameworks */,
				BA8482E41BA33BFA00A3CE99 /* Social.framework in Frameworks */,
				BA8482E21BA33BEE00A3CE99 /* Accounts.framework in Frameworks */,
				BA41600B1BFBB66A008086B3 /* Crashlytics.framework in Frameworks */,
				BA8482E01BA33BE700A3CE99 /* libsqlite3.dylib in Frameworks */,
				BA8482DE1BA33BDD00A3CE99 /* libz.dylib in Frameworks */,
				BAE2802D1C0D813C007192D0 /* FBSDKCoreKit.framework in Frameworks */,
				BA8482DC1BA33BCD00A3CE99 /* SystemConfiguration.framework in Frameworks */,
				BA8482DA1BA33BC200A3CE99 /* StoreKit.framework in Frameworks */,
				BAE280261C0D8052007192D0 /* Parse.framework in Frameworks */,
				BA8482D81BA33BBB00A3CE99 /* Security.framework in Frameworks */,
				BA8482D61BA33BB500A3CE99 /* QuartzCore.framework in Frameworks */,
				BAE280251C0D8052007192D0 /* Bolts.framework in Frameworks */,
				BA8482D41BA33B7900A3CE99 /* CoreLocation.framework in Frameworks */,
				BA8482D21BA33B7300A3CE99 /* CoreGraphics.framework in Frameworks */,
				BA8482D01BA33B6D00A3CE99 /* CFNetwork.framework in Frameworks */,
				BA8482CE1BA33B6800A3CE99 /* AudioToolbox.framework in Frameworks */,
			);
			runOnlyForDeploymentPostprocessing = 0;
		};
		BA8482BA1BA338EF00A3CE99 /* Frameworks */ = {
			isa = PBXFrameworksBuildPhase;
			buildActionMask = 2147483647;
			files = (
			);
			runOnlyForDeploymentPostprocessing = 0;
		};
/* End PBXFrameworksBuildPhase section */

/* Begin PBXGroup section */
		BA50C98B1BC48C7500305108 /* Profile */ = {
			isa = PBXGroup;
			children = (
				BA50C9911BC48D9400305108 /* ProfileTVC.swift */,
				BA50C98C1BC48D2900305108 /* Cells */,
			);
			name = Profile;
			sourceTree = "<group>";
		};
		BA50C98C1BC48D2900305108 /* Cells */ = {
			isa = PBXGroup;
			children = (
				BA5CC42D1BD180B3003A9642 /* ProfileCell.swift */,
			);
			name = Cells;
			sourceTree = "<group>";
		};
		BA50C9971BC4D39700305108 /* New Game */ = {
			isa = PBXGroup;
			children = (
				BA8BDC511BDDCE19008AE258 /* FriendsSearchTVC.swift */,
				BA8482F51BA34F2100A3CE99 /* SongsTVC.swift */,
				BA50C9981BC4D3B200305108 /* Cells */,
			);
			name = "New Game";
			sourceTree = "<group>";
		};
		BA50C9981BC4D3B200305108 /* Cells */ = {
			isa = PBXGroup;
			children = (
				BAE6683B1BCECC6700C3FFE2 /* SongsCell.swift */,
				BA9431351BED2B5000E680D0 /* FriendCell.swift */,
			);
			name = Cells;
			sourceTree = "<group>";
		};
		BA5CC4261BD168A5003A9642 /* Judging */ = {
			isa = PBXGroup;
			children = (
				BA5CC4291BD168E9003A9642 /* JudgingVC.swift */,
				BA9D11751BE9432F002F6C08 /* JudgingVC2.swift */,
				BAC591AC1BE8567000D3C8CC /* RatingControlVC.swift */,
			);
			name = Judging;
			sourceTree = "<group>";
		};
		BA84829D1BA338EF00A3CE99 = {
			isa = PBXGroup;
			children = (
				BA50C99F1BC4F36100305108 /* Default-568h@2x.png */,
				BA8482A81BA338EF00A3CE99 /* Melodious */,
				BAE6683F1BCEDD6900C3FFE2 /* Melodious-Bridging-Header.h */,
				BA8482E51BA33C2400A3CE99 /* Frameworks */,
				BA8482C01BA338EF00A3CE99 /* MelodiousTests */,
				BA8482A71BA338EF00A3CE99 /* Products */,
				BAE668431BCEDD7900C3FFE2 /* Assets */,
			);
			sourceTree = "<group>";
		};
		BA8482A71BA338EF00A3CE99 /* Products */ = {
			isa = PBXGroup;
			children = (
				BA8482A61BA338EF00A3CE99 /* Melodious.app */,
				BA8482BD1BA338EF00A3CE99 /* MelodiousTests.xctest */,
			);
			name = Products;
			sourceTree = "<group>";
		};
		BA8482A81BA338EF00A3CE99 /* Melodious */ = {
			isa = PBXGroup;
			children = (
				BA8482AB1BA338EF00A3CE99 /* AppDelegate.swift */,
				BAC0A0F61BC2FA3000A114E2 /* Controllers */,
				BAC0A0F51BC2FA1E00A114E2 /* View */,
				BAC0A0F41BC2FA1300A114E2 /* Model */,
				BA8482A91BA338EF00A3CE99 /* Supporting Files */,
			);
			path = Melodious;
			sourceTree = "<group>";
		};
		BA8482A91BA338EF00A3CE99 /* Supporting Files */ = {
			isa = PBXGroup;
			children = (
				BA8482AA1BA338EF00A3CE99 /* Info.plist */,
			);
			name = "Supporting Files";
			sourceTree = "<group>";
		};
		BA8482C01BA338EF00A3CE99 /* MelodiousTests */ = {
			isa = PBXGroup;
			children = (
				BA8482C31BA338EF00A3CE99 /* MelodiousTests.swift */,
				BA8482C11BA338EF00A3CE99 /* Supporting Files */,
			);
			path = MelodiousTests;
			sourceTree = "<group>";
		};
		BA8482C11BA338EF00A3CE99 /* Supporting Files */ = {
			isa = PBXGroup;
			children = (
				BA8482C21BA338EF00A3CE99 /* Info.plist */,
			);
			name = "Supporting Files";
			sourceTree = "<group>";
		};
		BA8482E51BA33C2400A3CE99 /* Frameworks */ = {
			isa = PBXGroup;
			children = (
				BAE2802B1C0D813C007192D0 /* FBSDKCoreKit.framework */,
				BAE2802C1C0D813C007192D0 /* FBSDKLoginKit.framework */,
				BAE280291C0D8067007192D0 /* ParseUI.framework */,
				BAE280271C0D8060007192D0 /* ParseFacebookUtilsV4.framework */,
				BAE280231C0D8052007192D0 /* Bolts.framework */,
				BAE280241C0D8052007192D0 /* Parse.framework */,
				BA4160081BFBB66A008086B3 /* Fabric.framework */,
				BA4160091BFBB66A008086B3 /* Crashlytics.framework */,
				BA8482E31BA33BFA00A3CE99 /* Social.framework */,
				BA8482E11BA33BEE00A3CE99 /* Accounts.framework */,
				BA8482DF1BA33BE700A3CE99 /* libsqlite3.dylib */,
				BA8482DD1BA33BDD00A3CE99 /* libz.dylib */,
				BA8482DB1BA33BCD00A3CE99 /* SystemConfiguration.framework */,
				BA8482D91BA33BC200A3CE99 /* StoreKit.framework */,
				BA8482D71BA33BBB00A3CE99 /* Security.framework */,
				BA8482D51BA33BB500A3CE99 /* QuartzCore.framework */,
				BA8482D31BA33B7900A3CE99 /* CoreLocation.framework */,
				BA8482D11BA33B7300A3CE99 /* CoreGraphics.framework */,
				BA8482CF1BA33B6D00A3CE99 /* CFNetwork.framework */,
				BA8482CD1BA33B6800A3CE99 /* AudioToolbox.framework */,
			);
			name = Frameworks;
			path = Melodious;
			sourceTree = "<group>";
		};
		BAC0A0F41BC2FA1300A114E2 /* Model */ = {
			isa = PBXGroup;
			children = (
				BAC0A0F71BC2FA6F00A114E2 /* Game.swift */,
				BA50C9811BC4782D00305108 /* User.swift */,
			);
			name = Model;
			sourceTree = "<group>";
		};
		BAC0A0F51BC2FA1E00A114E2 /* View */ = {
			isa = PBXGroup;
			children = (
				BA8482B11BA338EF00A3CE99 /* Main.storyboard */,
				BA8482B61BA338EF00A3CE99 /* LaunchScreen.xib */,
				BAC591AA1BE83B5900D3C8CC /* Images.xcassets */,
			);
			name = View;
			sourceTree = "<group>";
		};
		BAC0A0F61BC2FA3000A114E2 /* Controllers */ = {
			isa = PBXGroup;
			children = (
				BAE640501BFA807C00A5CCF2 /* Helper Classes */,
				BA50C98B1BC48C7500305108 /* Profile */,
				BADE0B5B1BB9B30800C633EA /* Home */,
				BA50C9971BC4D39700305108 /* New Game */,
				BAE6682E1BCEC48400C3FFE2 /* Submit Song */,
				BA5CC4261BD168A5003A9642 /* Judging */,
				BAD1C9DD1BCDECFC00A49E72 /* Accept/Deny Challenge */,
				BAE668491BCEF92400C3FFE2 /* Game Detail */,
			);
			name = Controllers;
			sourceTree = "<group>";
		};
		BAD1C9DD1BCDECFC00A49E72 /* Accept/Deny Challenge */ = {
			isa = PBXGroup;
			children = (
				BAD1C9DE1BCDED3F00A49E72 /* AnswerChallengeVC.swift */,
			);
			name = "Accept/Deny Challenge";
			sourceTree = "<group>";
		};
		BADE0B5B1BB9B30800C633EA /* Home */ = {
			isa = PBXGroup;
			children = (
				BACD55061BBDF4780071C22B /* HomeTVC.swift */,
				BAC591A81BE8318E00D3C8CC /* LoginVC.swift */,
				BADE0B5C1BB9B31E00C633EA /* Cells */,
			);
			name = Home;
			sourceTree = "<group>";
		};
		BADE0B5C1BB9B31E00C633EA /* Cells */ = {
			isa = PBXGroup;
			children = (
				BAB165441BBF3A420078C280 /* NewGameCell.swift */,
				BA5CC4311BD18B12003A9642 /* GameCell.swift */,
				BA8BDC4F1BDD6B2E008AE258 /* HomeHeaderCell.swift */,
			);
			name = Cells;
			sourceTree = "<group>";
		};
		BAE640501BFA807C00A5CCF2 /* Helper Classes */ = {
			isa = PBXGroup;
			children = (
				BAE640511BFA814800A5CCF2 /* AlertHelper.swift */,
				BAE640531BFAA2AB00A5CCF2 /* PointsFromViewCount.swift */,
				BA90B2041BFCFCF7008A77D2 /* ReachabilityHelper.swift */,
				BA60F00A1C04F4AD00456701 /* Colors.swift */,
				BAC2266E1C0D63E3003FAE0B /* DebugOptions.swift */,
			);
			name = "Helper Classes";
			sourceTree = "<group>";
		};
		BAE6682E1BCEC48400C3FFE2 /* Submit Song */ = {
			isa = PBXGroup;
			children = (
				BAE6682F1BCEC4A100C3FFE2 /* SubmitSongVC.swift */,
			);
			name = "Submit Song";
			sourceTree = "<group>";
		};
		BAE668431BCEDD7900C3FFE2 /* Assets */ = {
			isa = PBXGroup;
			children = (
				BAE668441BCEDD7900C3FFE2 /* YTPlayerView-iframe-player.html */,
				BAE668451BCEDD7900C3FFE2 /* YTPlayerView.h */,
				BAE668461BCEDD7900C3FFE2 /* YTPlayerView.m */,
			);
			name = Assets;
			path = Melodious/Assets;
			sourceTree = "<group>";
		};
		BAE668491BCEF92400C3FFE2 /* Game Detail */ = {
			isa = PBXGroup;
			children = (
				BA5CC42B1BD170E9003A9642 /* GameDetailVC.swift */,
			);
			name = "Game Detail";
			sourceTree = "<group>";
		};
/* End PBXGroup section */

/* Begin PBXNativeTarget section */
		BA8482A51BA338EF00A3CE99 /* Melodious */ = {
			isa = PBXNativeTarget;
			buildConfigurationList = BA8482C71BA338EF00A3CE99 /* Build configuration list for PBXNativeTarget "Melodious" */;
			buildPhases = (
				BA8482A21BA338EF00A3CE99 /* Sources */,
				BA8482A31BA338EF00A3CE99 /* Frameworks */,
				BA8482A41BA338EF00A3CE99 /* Resources */,
				BA4160071BFBB650008086B3 /* ShellScript */,
			);
			buildRules = (
			);
			dependencies = (
			);
			name = Melodious;
			productName = Melodious;
			productReference = BA8482A61BA338EF00A3CE99 /* Melodious.app */;
			productType = "com.apple.product-type.application";
		};
		BA8482BC1BA338EF00A3CE99 /* MelodiousTests */ = {
			isa = PBXNativeTarget;
			buildConfigurationList = BA8482CA1BA338EF00A3CE99 /* Build configuration list for PBXNativeTarget "MelodiousTests" */;
			buildPhases = (
				BA8482B91BA338EF00A3CE99 /* Sources */,
				BA8482BA1BA338EF00A3CE99 /* Frameworks */,
				BA8482BB1BA338EF00A3CE99 /* Resources */,
			);
			buildRules = (
			);
			dependencies = (
				BA8482BF1BA338EF00A3CE99 /* PBXTargetDependency */,
			);
			name = MelodiousTests;
			productName = MelodiousTests;
			productReference = BA8482BD1BA338EF00A3CE99 /* MelodiousTests.xctest */;
			productType = "com.apple.product-type.bundle.unit-test";
		};
/* End PBXNativeTarget section */

/* Begin PBXProject section */
		BA84829E1BA338EF00A3CE99 /* Project object */ = {
			isa = PBXProject;
			attributes = {
				LastSwiftMigration = 0700;
				LastSwiftUpdateCheck = 0700;
				LastUpgradeCheck = 0710;
				ORGANIZATIONNAME = "Charles Wesley Cho";
				TargetAttributes = {
					BA8482A51BA338EF00A3CE99 = {
						CreatedOnToolsVersion = 6.4;
						DevelopmentTeam = K622334C2L;
						SystemCapabilities = {
							com.apple.Push = {
								enabled = 1;
							};
						};
					};
					BA8482BC1BA338EF00A3CE99 = {
						CreatedOnToolsVersion = 6.4;
						TestTargetID = BA8482A51BA338EF00A3CE99;
					};
				};
			};
			buildConfigurationList = BA8482A11BA338EF00A3CE99 /* Build configuration list for PBXProject "Melodious" */;
			compatibilityVersion = "Xcode 3.2";
			developmentRegion = English;
			hasScannedForEncodings = 0;
			knownRegions = (
				en,
				Base,
			);
			mainGroup = BA84829D1BA338EF00A3CE99;
			productRefGroup = BA8482A71BA338EF00A3CE99 /* Products */;
			projectDirPath = "";
			projectRoot = "";
			targets = (
				BA8482A51BA338EF00A3CE99 /* Melodious */,
				BA8482BC1BA338EF00A3CE99 /* MelodiousTests */,
			);
		};
/* End PBXProject section */

/* Begin PBXResourcesBuildPhase section */
		BA8482A41BA338EF00A3CE99 /* Resources */ = {
			isa = PBXResourcesBuildPhase;
			buildActionMask = 2147483647;
			files = (
				BA8482B31BA338EF00A3CE99 /* Main.storyboard in Resources */,
				BAC591AB1BE83B5900D3C8CC /* Images.xcassets in Resources */,
				BA50C9A01BC4F36100305108 /* Default-568h@2x.png in Resources */,
				BA8482B81BA338EF00A3CE99 /* LaunchScreen.xib in Resources */,
				BAE668471BCEDD7900C3FFE2 /* YTPlayerView-iframe-player.html in Resources */,
			);
			runOnlyForDeploymentPostprocessing = 0;
		};
		BA8482BB1BA338EF00A3CE99 /* Resources */ = {
			isa = PBXResourcesBuildPhase;
			buildActionMask = 2147483647;
			files = (
			);
			runOnlyForDeploymentPostprocessing = 0;
		};
/* End PBXResourcesBuildPhase section */

/* Begin PBXShellScriptBuildPhase section */
		BA4160071BFBB650008086B3 /* ShellScript */ = {
			isa = PBXShellScriptBuildPhase;
			buildActionMask = 2147483647;
			files = (
			);
			inputPaths = (
			);
			outputPaths = (
			);
			runOnlyForDeploymentPostprocessing = 0;
			shellPath = /bin/sh;
			shellScript = "./Fabric.framework/run 9740c50f2f0dde9f4cfdd7b927f6086b47c47c14 4d2cd8fabfd53ee0f1ee7d1d7f51128d8278996e2003ccf4a13c33d9474b7bc6";
		};
/* End PBXShellScriptBuildPhase section */

/* Begin PBXSourcesBuildPhase section */
		BA8482A21BA338EF00A3CE99 /* Sources */ = {
			isa = PBXSourcesBuildPhase;
			buildActionMask = 2147483647;
			files = (
				BA5CC42E1BD180B3003A9642 /* ProfileCell.swift in Sources */,
				BA50C9921BC48D9400305108 /* ProfileTVC.swift in Sources */,
				BA8482F61BA34F2100A3CE99 /* SongsTVC.swift in Sources */,
				BA5CC4321BD18B12003A9642 /* GameCell.swift in Sources */,
				BA90B2051BFCFCF7008A77D2 /* ReachabilityHelper.swift in Sources */,
				BAC591AD1BE8567000D3C8CC /* RatingControlVC.swift in Sources */,
				BAE668481BCEDD7900C3FFE2 /* YTPlayerView.m in Sources */,
				BAB165451BBF3A420078C280 /* NewGameCell.swift in Sources */,
				BA9431361BED2B5000E680D0 /* FriendCell.swift in Sources */,
				BAE640541BFAA2AB00A5CCF2 /* PointsFromViewCount.swift in Sources */,
				BACD55071BBDF4780071C22B /* HomeTVC.swift in Sources */,
				BAE668301BCEC4A100C3FFE2 /* SubmitSongVC.swift in Sources */,
				BA8BDC501BDD6B2E008AE258 /* HomeHeaderCell.swift in Sources */,
				BA50C9821BC4782D00305108 /* User.swift in Sources */,
				BAE640521BFA814800A5CCF2 /* AlertHelper.swift in Sources */,
				BA8482AC1BA338EF00A3CE99 /* AppDelegate.swift in Sources */,
				BA5CC42C1BD170E9003A9642 /* GameDetailVC.swift in Sources */,
				BA8BDC521BDDCE19008AE258 /* FriendsSearchTVC.swift in Sources */,
				BA9D11761BE9432F002F6C08 /* JudgingVC2.swift in Sources */,
				BA5CC42A1BD168E9003A9642 /* JudgingVC.swift in Sources */,
				BA60F00B1C04F4AD00456701 /* Colors.swift in Sources */,
				BAC591A91BE8318E00D3C8CC /* LoginVC.swift in Sources */,
				BAE6683C1BCECC6700C3FFE2 /* SongsCell.swift in Sources */,
				BAC0A0F81BC2FA6F00A114E2 /* Game.swift in Sources */,
				BAC2266F1C0D63E3003FAE0B /* DebugOptions.swift in Sources */,
				BAD1C9DF1BCDED3F00A49E72 /* AnswerChallengeVC.swift in Sources */,
			);
			runOnlyForDeploymentPostprocessing = 0;
		};
		BA8482B91BA338EF00A3CE99 /* Sources */ = {
			isa = PBXSourcesBuildPhase;
			buildActionMask = 2147483647;
			files = (
				BA8482C41BA338EF00A3CE99 /* MelodiousTests.swift in Sources */,
			);
			runOnlyForDeploymentPostprocessing = 0;
		};
/* End PBXSourcesBuildPhase section */

/* Begin PBXTargetDependency section */
		BA8482BF1BA338EF00A3CE99 /* PBXTargetDependency */ = {
			isa = PBXTargetDependency;
			target = BA8482A51BA338EF00A3CE99 /* Melodious */;
			targetProxy = BA8482BE1BA338EF00A3CE99 /* PBXContainerItemProxy */;
		};
/* End PBXTargetDependency section */

/* Begin PBXVariantGroup section */
		BA8482B11BA338EF00A3CE99 /* Main.storyboard */ = {
			isa = PBXVariantGroup;
			children = (
				BA8482B21BA338EF00A3CE99 /* Base */,
			);
			name = Main.storyboard;
			sourceTree = "<group>";
		};
		BA8482B61BA338EF00A3CE99 /* LaunchScreen.xib */ = {
			isa = PBXVariantGroup;
			children = (
				BA8482B71BA338EF00A3CE99 /* Base */,
			);
			name = LaunchScreen.xib;
			sourceTree = "<group>";
		};
/* End PBXVariantGroup section */

/* Begin XCBuildConfiguration section */
		BA8482C51BA338EF00A3CE99 /* Debug */ = {
			isa = XCBuildConfiguration;
			buildSettings = {
				ALWAYS_SEARCH_USER_PATHS = NO;
				CLANG_CXX_LANGUAGE_STANDARD = "gnu++0x";
				CLANG_CXX_LIBRARY = "libc++";
				CLANG_ENABLE_MODULES = YES;
				CLANG_ENABLE_OBJC_ARC = YES;
				CLANG_WARN_BOOL_CONVERSION = YES;
				CLANG_WARN_CONSTANT_CONVERSION = YES;
				CLANG_WARN_DIRECT_OBJC_ISA_USAGE = YES_ERROR;
				CLANG_WARN_EMPTY_BODY = YES;
				CLANG_WARN_ENUM_CONVERSION = YES;
				CLANG_WARN_INT_CONVERSION = YES;
				CLANG_WARN_OBJC_ROOT_CLASS = YES_ERROR;
				CLANG_WARN_UNREACHABLE_CODE = YES;
				CLANG_WARN__DUPLICATE_METHOD_MATCH = YES;
				"CODE_SIGN_IDENTITY[sdk=iphoneos*]" = "iPhone Developer";
				COPY_PHASE_STRIP = NO;
				DEBUG_INFORMATION_FORMAT = "dwarf-with-dsym";
				ENABLE_STRICT_OBJC_MSGSEND = YES;
				ENABLE_TESTABILITY = YES;
				FRAMEWORK_SEARCH_PATHS = "";
				GCC_C_LANGUAGE_STANDARD = gnu99;
				GCC_DYNAMIC_NO_PIC = NO;
				GCC_NO_COMMON_BLOCKS = YES;
				GCC_OPTIMIZATION_LEVEL = 0;
				GCC_PREPROCESSOR_DEFINITIONS = (
					"DEBUG=1",
					"$(inherited)",
				);
				GCC_SYMBOLS_PRIVATE_EXTERN = NO;
				GCC_WARN_64_TO_32_BIT_CONVERSION = YES;
				GCC_WARN_ABOUT_RETURN_TYPE = YES_ERROR;
				GCC_WARN_UNDECLARED_SELECTOR = YES;
				GCC_WARN_UNINITIALIZED_AUTOS = YES_AGGRESSIVE;
				GCC_WARN_UNUSED_FUNCTION = YES;
				GCC_WARN_UNUSED_VARIABLE = YES;
				IPHONEOS_DEPLOYMENT_TARGET = 9.0;
				MTL_ENABLE_DEBUG_INFO = YES;
				ONLY_ACTIVE_ARCH = YES;
				SDKROOT = iphoneos;
				SWIFT_OPTIMIZATION_LEVEL = "-Onone";
			};
			name = Debug;
		};
		BA8482C61BA338EF00A3CE99 /* Release */ = {
			isa = XCBuildConfiguration;
			buildSettings = {
				ALWAYS_SEARCH_USER_PATHS = NO;
				CLANG_CXX_LANGUAGE_STANDARD = "gnu++0x";
				CLANG_CXX_LIBRARY = "libc++";
				CLANG_ENABLE_MODULES = YES;
				CLANG_ENABLE_OBJC_ARC = YES;
				CLANG_WARN_BOOL_CONVERSION = YES;
				CLANG_WARN_CONSTANT_CONVERSION = YES;
				CLANG_WARN_DIRECT_OBJC_ISA_USAGE = YES_ERROR;
				CLANG_WARN_EMPTY_BODY = YES;
				CLANG_WARN_ENUM_CONVERSION = YES;
				CLANG_WARN_INT_CONVERSION = YES;
				CLANG_WARN_OBJC_ROOT_CLASS = YES_ERROR;
				CLANG_WARN_UNREACHABLE_CODE = YES;
				CLANG_WARN__DUPLICATE_METHOD_MATCH = YES;
				"CODE_SIGN_IDENTITY[sdk=iphoneos*]" = "iPhone Developer";
				COPY_PHASE_STRIP = NO;
				DEBUG_INFORMATION_FORMAT = "dwarf-with-dsym";
				ENABLE_NS_ASSERTIONS = NO;
				ENABLE_STRICT_OBJC_MSGSEND = YES;
				FRAMEWORK_SEARCH_PATHS = "";
				GCC_C_LANGUAGE_STANDARD = gnu99;
				GCC_NO_COMMON_BLOCKS = YES;
				GCC_WARN_64_TO_32_BIT_CONVERSION = YES;
				GCC_WARN_ABOUT_RETURN_TYPE = YES_ERROR;
				GCC_WARN_UNDECLARED_SELECTOR = YES;
				GCC_WARN_UNINITIALIZED_AUTOS = YES_AGGRESSIVE;
				GCC_WARN_UNUSED_FUNCTION = YES;
				GCC_WARN_UNUSED_VARIABLE = YES;
				IPHONEOS_DEPLOYMENT_TARGET = 9.0;
				MTL_ENABLE_DEBUG_INFO = NO;
				ONLY_ACTIVE_ARCH = YES;
				SDKROOT = iphoneos;
				VALIDATE_PRODUCT = YES;
			};
			name = Release;
		};
		BA8482C81BA338EF00A3CE99 /* Debug */ = {
			isa = XCBuildConfiguration;
			buildSettings = {
				ASSETCATALOG_COMPILER_APPICON_NAME = AppIcon;
				CLANG_ALLOW_NON_MODULAR_INCLUDES_IN_FRAMEWORK_MODULES = NO;
				CLANG_ENABLE_MODULES = YES;
				CODE_SIGN_IDENTITY = "iPhone Developer";
				"CODE_SIGN_IDENTITY[sdk=iphoneos*]" = "iPhone Developer";
				FRAMEWORK_SEARCH_PATHS = (
					"$(PROJECT_DIR)/Melodious",
					"$(inherited)",
					"$(PROJECT_DIR)/Melodious/Assets",
					"$(PROJECT_DIR)",
				);
				INFOPLIST_FILE = Melodious/Info.plist;
				IPHONEOS_DEPLOYMENT_TARGET = 9.0;
				LD_RUNPATH_SEARCH_PATHS = "$(inherited) @executable_path/Frameworks";
				ONLY_ACTIVE_ARCH = YES;
				"OTHER_SWIFT_FLAGS[arch=*]" = "-D DEBUG";
				PRODUCT_BUNDLE_IDENTIFIER = "com.charleswesleycho.$(PRODUCT_NAME:rfc1034identifier)";
				PRODUCT_NAME = "$(TARGET_NAME)";
				PROVISIONING_PROFILE = "";
				SWIFT_OBJC_BRIDGING_HEADER = "Melodious-Bridging-Header.h";
				SWIFT_OPTIMIZATION_LEVEL = "-Onone";
			};
			name = Debug;
		};
		BA8482C91BA338EF00A3CE99 /* Release */ = {
			isa = XCBuildConfiguration;
			buildSettings = {
				ASSETCATALOG_COMPILER_APPICON_NAME = AppIcon;
				CLANG_ALLOW_NON_MODULAR_INCLUDES_IN_FRAMEWORK_MODULES = NO;
				CLANG_ENABLE_MODULES = YES;
				CODE_SIGN_IDENTITY = "iPhone Developer";
				"CODE_SIGN_IDENTITY[sdk=iphoneos*]" = "iPhone Developer";
				FRAMEWORK_SEARCH_PATHS = (
					"$(PROJECT_DIR)/Melodious",
					"$(inherited)",
					"$(PROJECT_DIR)/Melodious/Assets",
					"$(PROJECT_DIR)",
				);
				INFOPLIST_FILE = Melodious/Info.plist;
				IPHONEOS_DEPLOYMENT_TARGET = 9.0;
				LD_RUNPATH_SEARCH_PATHS = "$(inherited) @executable_path/Frameworks";
				ONLY_ACTIVE_ARCH = NO;
				PRODUCT_BUNDLE_IDENTIFIER = "com.charleswesleycho.$(PRODUCT_NAME:rfc1034identifier)";
				PRODUCT_NAME = "$(TARGET_NAME)";
				PROVISIONING_PROFILE = "";
				SWIFT_OBJC_BRIDGING_HEADER = "Melodious-Bridging-Header.h";
			};
			name = Release;
		};
		BA8482CB1BA338EF00A3CE99 /* Debug */ = {
			isa = XCBuildConfiguration;
			buildSettings = {
				BUNDLE_LOADER = "$(TEST_HOST)";
				FRAMEWORK_SEARCH_PATHS = (
					"$(SDKROOT)/Developer/Library/Frameworks",
					"$(inherited)",
				);
				GCC_PREPROCESSOR_DEFINITIONS = (
					"DEBUG=1",
					"$(inherited)",
				);
				INFOPLIST_FILE = MelodiousTests/Info.plist;
				LD_RUNPATH_SEARCH_PATHS = "$(inherited) @executable_path/Frameworks @loader_path/Frameworks";
				PRODUCT_BUNDLE_IDENTIFIER = "com.charleswesleycho.$(PRODUCT_NAME:rfc1034identifier)";
				PRODUCT_NAME = "$(TARGET_NAME)";
				TEST_HOST = "$(BUILT_PRODUCTS_DIR)/Melodious.app/Melodious";
			};
			name = Debug;
		};
		BA8482CC1BA338EF00A3CE99 /* Release */ = {
			isa = XCBuildConfiguration;
			buildSettings = {
				BUNDLE_LOADER = "$(TEST_HOST)";
				FRAMEWORK_SEARCH_PATHS = (
					"$(SDKROOT)/Developer/Library/Frameworks",
					"$(inherited)",
				);
				INFOPLIST_FILE = MelodiousTests/Info.plist;
				LD_RUNPATH_SEARCH_PATHS = "$(inherited) @executable_path/Frameworks @loader_path/Frameworks";
				PRODUCT_BUNDLE_IDENTIFIER = "com.charleswesleycho.$(PRODUCT_NAME:rfc1034identifier)";
				PRODUCT_NAME = "$(TARGET_NAME)";
				TEST_HOST = "$(BUILT_PRODUCTS_DIR)/Melodious.app/Melodious";
			};
			name = Release;
		};
/* End XCBuildConfiguration section */

/* Begin XCConfigurationList section */
		BA8482A11BA338EF00A3CE99 /* Build configuration list for PBXProject "Melodious" */ = {
			isa = XCConfigurationList;
			buildConfigurations = (
				BA8482C51BA338EF00A3CE99 /* Debug */,
				BA8482C61BA338EF00A3CE99 /* Release */,
			);
			defaultConfigurationIsVisible = 0;
			defaultConfigurationName = Release;
		};
		BA8482C71BA338EF00A3CE99 /* Build configuration list for PBXNativeTarget "Melodious" */ = {
			isa = XCConfigurationList;
			buildConfigurations = (
				BA8482C81BA338EF00A3CE99 /* Debug */,
				BA8482C91BA338EF00A3CE99 /* Release */,
			);
			defaultConfigurationIsVisible = 0;
			defaultConfigurationName = Release;
		};
		BA8482CA1BA338EF00A3CE99 /* Build configuration list for PBXNativeTarget "MelodiousTests" */ = {
			isa = XCConfigurationList;
			buildConfigurations = (
				BA8482CB1BA338EF00A3CE99 /* Debug */,
				BA8482CC1BA338EF00A3CE99 /* Release */,
			);
			defaultConfigurationIsVisible = 0;
			defaultConfigurationName = Release;
		};
/* End XCConfigurationList section */
	};
	rootObject = BA84829E1BA338EF00A3CE99 /* Project object */;
}
