// !$*UTF8*$!
{
	archiveVersion = 1;
	classes = {
	};
	objectVersion = 46;
	objects = {

/* Begin PBXBuildFile section */
		BA50C9821BC4782D00305108 /* User.swift in Sources */ = {isa = PBXBuildFile; fileRef = BA50C9811BC4782D00305108 /* User.swift */; };
		BA50C9851BC480CC00305108 /* FBSDKCoreKit.framework in Frameworks */ = {isa = PBXBuildFile; fileRef = BA50C9831BC480CC00305108 /* FBSDKCoreKit.framework */; };
		BA50C9861BC480CC00305108 /* FBSDKLoginKit.framework in Frameworks */ = {isa = PBXBuildFile; fileRef = BA50C9841BC480CC00305108 /* FBSDKLoginKit.framework */; };
		BA50C9881BC480DD00305108 /* ParseFacebookUtilsV4.framework in Frameworks */ = {isa = PBXBuildFile; fileRef = BA50C9871BC480DD00305108 /* ParseFacebookUtilsV4.framework */; };
		BA50C98E1BC48D4300305108 /* ProfileCell.swift in Sources */ = {isa = PBXBuildFile; fileRef = BA50C98D1BC48D4300305108 /* ProfileCell.swift */; };
		BA50C9901BC48D6600305108 /* ScoreCell.swift in Sources */ = {isa = PBXBuildFile; fileRef = BA50C98F1BC48D6600305108 /* ScoreCell.swift */; };
		BA50C9921BC48D9400305108 /* ProfileTVC.swift in Sources */ = {isa = PBXBuildFile; fileRef = BA50C9911BC48D9400305108 /* ProfileTVC.swift */; };
		BA50C99A1BC4D3E500305108 /* FriendCell.swift in Sources */ = {isa = PBXBuildFile; fileRef = BA50C9991BC4D3E500305108 /* FriendCell.swift */; };
		BA50C99E1BC4D7A000305108 /* FriendSearch.swift in Sources */ = {isa = PBXBuildFile; fileRef = BA50C99D1BC4D7A000305108 /* FriendSearch.swift */; };
		BA8482AC1BA338EF00A3CE99 /* AppDelegate.swift in Sources */ = {isa = PBXBuildFile; fileRef = BA8482AB1BA338EF00A3CE99 /* AppDelegate.swift */; };
		BA8482B31BA338EF00A3CE99 /* Main.storyboard in Resources */ = {isa = PBXBuildFile; fileRef = BA8482B11BA338EF00A3CE99 /* Main.storyboard */; };
		BA8482B51BA338EF00A3CE99 /* Images.xcassets in Resources */ = {isa = PBXBuildFile; fileRef = BA8482B41BA338EF00A3CE99 /* Images.xcassets */; };
		BA8482B81BA338EF00A3CE99 /* LaunchScreen.xib in Resources */ = {isa = PBXBuildFile; fileRef = BA8482B61BA338EF00A3CE99 /* LaunchScreen.xib */; };
		BA8482C41BA338EF00A3CE99 /* MelodiousTests.swift in Sources */ = {isa = PBXBuildFile; fileRef = BA8482C31BA338EF00A3CE99 /* MelodiousTests.swift */; };
		BA8482CE1BA33B6800A3CE99 /* AudioToolbox.framework in Frameworks */ = {isa = PBXBuildFile; fileRef = BA8482CD1BA33B6800A3CE99 /* AudioToolbox.framework */; };
		BA8482D01BA33B6D00A3CE99 /* CFNetwork.framework in Frameworks */ = {isa = PBXBuildFile; fileRef = BA8482CF1BA33B6D00A3CE99 /* CFNetwork.framework */; };
		BA8482D21BA33B7300A3CE99 /* CoreGraphics.framework in Frameworks */ = {isa = PBXBuildFile; fileRef = BA8482D11BA33B7300A3CE99 /* CoreGraphics.framework */; };
		BA8482D41BA33B7900A3CE99 /* CoreLocation.framework in Frameworks */ = {isa = PBXBuildFile; fileRef = BA8482D31BA33B7900A3CE99 /* CoreLocation.framework */; };
		BA8482D61BA33BB500A3CE99 /* QuartzCore.framework in Frameworks */ = {isa = PBXBuildFile; fileRef = BA8482D51BA33BB500A3CE99 /* QuartzCore.framework */; };
		BA8482D81BA33BBB00A3CE99 /* Security.framework in Frameworks */ = {isa = PBXBuildFile; fileRef = BA8482D71BA33BBB00A3CE99 /* Security.framework */; };
		BA8482DA1BA33BC200A3CE99 /* StoreKit.framework in Frameworks */ = {isa = PBXBuildFile; fileRef = BA8482D91BA33BC200A3CE99 /* StoreKit.framework */; };
		BA8482DC1BA33BCD00A3CE99 /* SystemConfiguration.framework in Frameworks */ = {isa = PBXBuildFile; fileRef = BA8482DB1BA33BCD00A3CE99 /* SystemConfiguration.framework */; };
		BA8482DE1BA33BDD00A3CE99 /* libz.dylib in Frameworks */ = {isa = PBXBuildFile; fileRef = BA8482DD1BA33BDD00A3CE99 /* libz.dylib */; };
		BA8482E01BA33BE700A3CE99 /* libsqlite3.dylib in Frameworks */ = {isa = PBXBuildFile; fileRef = BA8482DF1BA33BE700A3CE99 /* libsqlite3.dylib */; };
		BA8482E21BA33BEE00A3CE99 /* Accounts.framework in Frameworks */ = {isa = PBXBuildFile; fileRef = BA8482E11BA33BEE00A3CE99 /* Accounts.framework */; };
		BA8482E41BA33BFA00A3CE99 /* Social.framework in Frameworks */ = {isa = PBXBuildFile; fileRef = BA8482E31BA33BFA00A3CE99 /* Social.framework */; };
		BA8482EC1BA33F3D00A3CE99 /* Bolts.framework in Frameworks */ = {isa = PBXBuildFile; fileRef = BA8482EA1BA33F3D00A3CE99 /* Bolts.framework */; };
		BA8482ED1BA33F3D00A3CE99 /* Parse.framework in Frameworks */ = {isa = PBXBuildFile; fileRef = BA8482EB1BA33F3D00A3CE99 /* Parse.framework */; };
		BA8482F61BA34F2100A3CE99 /* NewGame.swift in Sources */ = {isa = PBXBuildFile; fileRef = BA8482F51BA34F2100A3CE99 /* NewGame.swift */; };
		BAB165451BBF3A420078C280 /* NewGameCell.swift in Sources */ = {isa = PBXBuildFile; fileRef = BAB165441BBF3A420078C280 /* NewGameCell.swift */; };
		BAB165491BBF3A630078C280 /* WaitingCell.swift in Sources */ = {isa = PBXBuildFile; fileRef = BAB165481BBF3A630078C280 /* WaitingCell.swift */; };
		BAC0A0F81BC2FA6F00A114E2 /* Game.swift in Sources */ = {isa = PBXBuildFile; fileRef = BAC0A0F71BC2FA6F00A114E2 /* Game.swift */; };
		BACD55071BBDF4780071C22B /* HomeTVC.swift in Sources */ = {isa = PBXBuildFile; fileRef = BACD55061BBDF4780071C22B /* HomeTVC.swift */; };
/* End PBXBuildFile section */

/* Begin PBXContainerItemProxy section */
		BA8482BE1BA338EF00A3CE99 /* PBXContainerItemProxy */ = {
			isa = PBXContainerItemProxy;
			containerPortal = BA84829E1BA338EF00A3CE99 /* Project object */;
			proxyType = 1;
			remoteGlobalIDString = BA8482A51BA338EF00A3CE99;
			remoteInfo = Melodious;
		};
/* End PBXContainerItemProxy section */

/* Begin PBXFileReference section */
		BA50C9811BC4782D00305108 /* User.swift */ = {isa = PBXFileReference; fileEncoding = 4; lastKnownFileType = sourcecode.swift; path = User.swift; sourceTree = "<group>"; };
		BA50C9831BC480CC00305108 /* FBSDKCoreKit.framework */ = {isa = PBXFileReference; lastKnownFileType = wrapper.framework; name = FBSDKCoreKit.framework; path = "../../../../Documents/FacebookSDKs-iOS-20150813/FBSDKCoreKit.framework"; sourceTree = "<group>"; };
		BA50C9841BC480CC00305108 /* FBSDKLoginKit.framework */ = {isa = PBXFileReference; lastKnownFileType = wrapper.framework; name = FBSDKLoginKit.framework; path = "../../../../Documents/FacebookSDKs-iOS-20150813/FBSDKLoginKit.framework"; sourceTree = "<group>"; };
		BA50C9871BC480DD00305108 /* ParseFacebookUtilsV4.framework */ = {isa = PBXFileReference; lastKnownFileType = wrapper.framework; name = ParseFacebookUtilsV4.framework; path = "../../../../Documents/parse-library-1.8.3/ParseFacebookUtilsV4.framework"; sourceTree = "<group>"; };
		BA50C98D1BC48D4300305108 /* ProfileCell.swift */ = {isa = PBXFileReference; fileEncoding = 4; lastKnownFileType = sourcecode.swift; path = ProfileCell.swift; sourceTree = "<group>"; };
		BA50C98F1BC48D6600305108 /* ScoreCell.swift */ = {isa = PBXFileReference; fileEncoding = 4; lastKnownFileType = sourcecode.swift; path = ScoreCell.swift; sourceTree = "<group>"; };
		BA50C9911BC48D9400305108 /* ProfileTVC.swift */ = {isa = PBXFileReference; fileEncoding = 4; lastKnownFileType = sourcecode.swift; path = ProfileTVC.swift; sourceTree = "<group>"; };
		BA50C9991BC4D3E500305108 /* FriendCell.swift */ = {isa = PBXFileReference; fileEncoding = 4; lastKnownFileType = sourcecode.swift; path = FriendCell.swift; sourceTree = "<group>"; };
		BA50C99D1BC4D7A000305108 /* FriendSearch.swift */ = {isa = PBXFileReference; fileEncoding = 4; lastKnownFileType = sourcecode.swift; path = FriendSearch.swift; sourceTree = "<group>"; };
		BA8482A61BA338EF00A3CE99 /* Melodious.app */ = {isa = PBXFileReference; explicitFileType = wrapper.application; includeInIndex = 0; path = Melodious.app; sourceTree = BUILT_PRODUCTS_DIR; };
		BA8482AA1BA338EF00A3CE99 /* Info.plist */ = {isa = PBXFileReference; lastKnownFileType = text.plist.xml; path = Info.plist; sourceTree = "<group>"; };
		BA8482AB1BA338EF00A3CE99 /* AppDelegate.swift */ = {isa = PBXFileReference; lastKnownFileType = sourcecode.swift; path = AppDelegate.swift; sourceTree = "<group>"; };
		BA8482B21BA338EF00A3CE99 /* Base */ = {isa = PBXFileReference; lastKnownFileType = file.storyboard; name = Base; path = Base.lproj/Main.storyboard; sourceTree = "<group>"; };
		BA8482B41BA338EF00A3CE99 /* Images.xcassets */ = {isa = PBXFileReference; lastKnownFileType = folder.assetcatalog; path = Images.xcassets; sourceTree = "<group>"; };
		BA8482B71BA338EF00A3CE99 /* Base */ = {isa = PBXFileReference; lastKnownFileType = file.xib; name = Base; path = Base.lproj/LaunchScreen.xib; sourceTree = "<group>"; };
		BA8482BD1BA338EF00A3CE99 /* MelodiousTests.xctest */ = {isa = PBXFileReference; explicitFileType = wrapper.cfbundle; includeInIndex = 0; path = MelodiousTests.xctest; sourceTree = BUILT_PRODUCTS_DIR; };
		BA8482C21BA338EF00A3CE99 /* Info.plist */ = {isa = PBXFileReference; lastKnownFileType = text.plist.xml; path = Info.plist; sourceTree = "<group>"; };
		BA8482C31BA338EF00A3CE99 /* MelodiousTests.swift */ = {isa = PBXFileReference; lastKnownFileType = sourcecode.swift; path = MelodiousTests.swift; sourceTree = "<group>"; };
		BA8482CD1BA33B6800A3CE99 /* AudioToolbox.framework */ = {isa = PBXFileReference; lastKnownFileType = wrapper.framework; name = AudioToolbox.framework; path = System/Library/Frameworks/AudioToolbox.framework; sourceTree = SDKROOT; };
		BA8482CF1BA33B6D00A3CE99 /* CFNetwork.framework */ = {isa = PBXFileReference; lastKnownFileType = wrapper.framework; name = CFNetwork.framework; path = System/Library/Frameworks/CFNetwork.framework; sourceTree = SDKROOT; };
		BA8482D11BA33B7300A3CE99 /* CoreGraphics.framework */ = {isa = PBXFileReference; lastKnownFileType = wrapper.framework; name = CoreGraphics.framework; path = System/Library/Frameworks/CoreGraphics.framework; sourceTree = SDKROOT; };
		BA8482D31BA33B7900A3CE99 /* CoreLocation.framework */ = {isa = PBXFileReference; lastKnownFileType = wrapper.framework; name = CoreLocation.framework; path = System/Library/Frameworks/CoreLocation.framework; sourceTree = SDKROOT; };
		BA8482D51BA33BB500A3CE99 /* QuartzCore.framework */ = {isa = PBXFileReference; lastKnownFileType = wrapper.framework; name = QuartzCore.framework; path = System/Library/Frameworks/QuartzCore.framework; sourceTree = SDKROOT; };
		BA8482D71BA33BBB00A3CE99 /* Security.framework */ = {isa = PBXFileReference; lastKnownFileType = wrapper.framework; name = Security.framework; path = System/Library/Frameworks/Security.framework; sourceTree = SDKROOT; };
		BA8482D91BA33BC200A3CE99 /* StoreKit.framework */ = {isa = PBXFileReference; lastKnownFileType = wrapper.framework; name = StoreKit.framework; path = System/Library/Frameworks/StoreKit.framework; sourceTree = SDKROOT; };
		BA8482DB1BA33BCD00A3CE99 /* SystemConfiguration.framework */ = {isa = PBXFileReference; lastKnownFileType = wrapper.framework; name = SystemConfiguration.framework; path = System/Library/Frameworks/SystemConfiguration.framework; sourceTree = SDKROOT; };
		BA8482DD1BA33BDD00A3CE99 /* libz.dylib */ = {isa = PBXFileReference; lastKnownFileType = "compiled.mach-o.dylib"; name = libz.dylib; path = usr/lib/libz.dylib; sourceTree = SDKROOT; };
		BA8482DF1BA33BE700A3CE99 /* libsqlite3.dylib */ = {isa = PBXFileReference; lastKnownFileType = "compiled.mach-o.dylib"; name = libsqlite3.dylib; path = usr/lib/libsqlite3.dylib; sourceTree = SDKROOT; };
		BA8482E11BA33BEE00A3CE99 /* Accounts.framework */ = {isa = PBXFileReference; lastKnownFileType = wrapper.framework; name = Accounts.framework; path = System/Library/Frameworks/Accounts.framework; sourceTree = SDKROOT; };
		BA8482E31BA33BFA00A3CE99 /* Social.framework */ = {isa = PBXFileReference; lastKnownFileType = wrapper.framework; name = Social.framework; path = System/Library/Frameworks/Social.framework; sourceTree = SDKROOT; };
		BA8482EA1BA33F3D00A3CE99 /* Bolts.framework */ = {isa = PBXFileReference; lastKnownFileType = wrapper.framework; path = Bolts.framework; sourceTree = "<group>"; };
		BA8482EB1BA33F3D00A3CE99 /* Parse.framework */ = {isa = PBXFileReference; lastKnownFileType = wrapper.framework; path = Parse.framework; sourceTree = "<group>"; };
		BA8482F51BA34F2100A3CE99 /* NewGame.swift */ = {isa = PBXFileReference; fileEncoding = 4; lastKnownFileType = sourcecode.swift; path = NewGame.swift; sourceTree = "<group>"; };
		BAB165441BBF3A420078C280 /* NewGameCell.swift */ = {isa = PBXFileReference; fileEncoding = 4; lastKnownFileType = sourcecode.swift; path = NewGameCell.swift; sourceTree = "<group>"; };
		BAB165481BBF3A630078C280 /* WaitingCell.swift */ = {isa = PBXFileReference; fileEncoding = 4; lastKnownFileType = sourcecode.swift; path = WaitingCell.swift; sourceTree = "<group>"; };
		BAC0A0F71BC2FA6F00A114E2 /* Game.swift */ = {isa = PBXFileReference; fileEncoding = 4; lastKnownFileType = sourcecode.swift; path = Game.swift; sourceTree = "<group>"; };
		BACD55061BBDF4780071C22B /* HomeTVC.swift */ = {isa = PBXFileReference; fileEncoding = 4; lastKnownFileType = sourcecode.swift; path = HomeTVC.swift; sourceTree = "<group>"; };
/* End PBXFileReference section */

/* Begin PBXFrameworksBuildPhase section */
		BA8482A31BA338EF00A3CE99 /* Frameworks */ = {
			isa = PBXFrameworksBuildPhase;
			buildActionMask = 2147483647;
			files = (
				BA50C9881BC480DD00305108 /* ParseFacebookUtilsV4.framework in Frameworks */,
				BA50C9851BC480CC00305108 /* FBSDKCoreKit.framework in Frameworks */,
				BA50C9861BC480CC00305108 /* FBSDKLoginKit.framework in Frameworks */,
				BA8482E41BA33BFA00A3CE99 /* Social.framework in Frameworks */,
				BA8482E21BA33BEE00A3CE99 /* Accounts.framework in Frameworks */,
				BA8482E01BA33BE700A3CE99 /* libsqlite3.dylib in Frameworks */,
				BA8482DE1BA33BDD00A3CE99 /* libz.dylib in Frameworks */,
				BA8482DC1BA33BCD00A3CE99 /* SystemConfiguration.framework in Frameworks */,
				BA8482DA1BA33BC200A3CE99 /* StoreKit.framework in Frameworks */,
				BA8482D81BA33BBB00A3CE99 /* Security.framework in Frameworks */,
				BA8482EC1BA33F3D00A3CE99 /* Bolts.framework in Frameworks */,
				BA8482D61BA33BB500A3CE99 /* QuartzCore.framework in Frameworks */,
				BA8482D41BA33B7900A3CE99 /* CoreLocation.framework in Frameworks */,
				BA8482ED1BA33F3D00A3CE99 /* Parse.framework in Frameworks */,
				BA8482D21BA33B7300A3CE99 /* CoreGraphics.framework in Frameworks */,
				BA8482D01BA33B6D00A3CE99 /* CFNetwork.framework in Frameworks */,
				BA8482CE1BA33B6800A3CE99 /* AudioToolbox.framework in Frameworks */,
			);
			runOnlyForDeploymentPostprocessing = 0;
		};
		BA8482BA1BA338EF00A3CE99 /* Frameworks */ = {
			isa = PBXFrameworksBuildPhase;
			buildActionMask = 2147483647;
			files = (
			);
			runOnlyForDeploymentPostprocessing = 0;
		};
/* End PBXFrameworksBuildPhase section */

/* Begin PBXGroup section */
		BA50C98B1BC48C7500305108 /* Profile */ = {
			isa = PBXGroup;
			children = (
				BA50C9911BC48D9400305108 /* ProfileTVC.swift */,
				BA50C98C1BC48D2900305108 /* Cells */,
			);
			name = Profile;
			sourceTree = "<group>";
		};
		BA50C98C1BC48D2900305108 /* Cells */ = {
			isa = PBXGroup;
			children = (
				BA50C98D1BC48D4300305108 /* ProfileCell.swift */,
				BA50C98F1BC48D6600305108 /* ScoreCell.swift */,
			);
			name = Cells;
			sourceTree = "<group>";
		};
		BA50C9971BC4D39700305108 /* New Game */ = {
			isa = PBXGroup;
			children = (
				BA8482F51BA34F2100A3CE99 /* NewGame.swift */,
				BA50C99D1BC4D7A000305108 /* FriendSearch.swift */,
				BA50C9981BC4D3B200305108 /* Cells */,
			);
			name = "New Game";
			sourceTree = "<group>";
		};
		BA50C9981BC4D3B200305108 /* Cells */ = {
			isa = PBXGroup;
			children = (
				BA50C9991BC4D3E500305108 /* FriendCell.swift */,
			);
			name = Cells;
			sourceTree = "<group>";
		};
		BA84829D1BA338EF00A3CE99 = {
			isa = PBXGroup;
			children = (
				BA8482A81BA338EF00A3CE99 /* Melodious */,
				BA8482E51BA33C2400A3CE99 /* Frameworks */,
				BA8482C01BA338EF00A3CE99 /* MelodiousTests */,
				BA8482A71BA338EF00A3CE99 /* Products */,
			);
			sourceTree = "<group>";
		};
		BA8482A71BA338EF00A3CE99 /* Products */ = {
			isa = PBXGroup;
			children = (
				BA8482A61BA338EF00A3CE99 /* Melodious.app */,
				BA8482BD1BA338EF00A3CE99 /* MelodiousTests.xctest */,
			);
			name = Products;
			sourceTree = "<group>";
		};
		BA8482A81BA338EF00A3CE99 /* Melodious */ = {
			isa = PBXGroup;
			children = (
				BA8482AB1BA338EF00A3CE99 /* AppDelegate.swift */,
				BAC0A0F61BC2FA3000A114E2 /* Controllers */,
				BAC0A0F51BC2FA1E00A114E2 /* View */,
				BAC0A0F41BC2FA1300A114E2 /* Model */,
				BA8482A91BA338EF00A3CE99 /* Supporting Files */,
			);
			path = Melodious;
			sourceTree = "<group>";
		};
		BA8482A91BA338EF00A3CE99 /* Supporting Files */ = {
			isa = PBXGroup;
			children = (
				BA8482AA1BA338EF00A3CE99 /* Info.plist */,
			);
			name = "Supporting Files";
			sourceTree = "<group>";
		};
		BA8482C01BA338EF00A3CE99 /* MelodiousTests */ = {
			isa = PBXGroup;
			children = (
				BA8482C31BA338EF00A3CE99 /* MelodiousTests.swift */,
				BA8482C11BA338EF00A3CE99 /* Supporting Files */,
			);
			path = MelodiousTests;
			sourceTree = "<group>";
		};
		BA8482C11BA338EF00A3CE99 /* Supporting Files */ = {
			isa = PBXGroup;
			children = (
				BA8482C21BA338EF00A3CE99 /* Info.plist */,
			);
			name = "Supporting Files";
			sourceTree = "<group>";
		};
		BA8482E51BA33C2400A3CE99 /* Frameworks */ = {
			isa = PBXGroup;
			children = (
				BA50C9871BC480DD00305108 /* ParseFacebookUtilsV4.framework */,
				BA50C9831BC480CC00305108 /* FBSDKCoreKit.framework */,
				BA50C9841BC480CC00305108 /* FBSDKLoginKit.framework */,
				BA8482EA1BA33F3D00A3CE99 /* Bolts.framework */,
				BA8482EB1BA33F3D00A3CE99 /* Parse.framework */,
				BA8482E31BA33BFA00A3CE99 /* Social.framework */,
				BA8482E11BA33BEE00A3CE99 /* Accounts.framework */,
				BA8482DF1BA33BE700A3CE99 /* libsqlite3.dylib */,
				BA8482DD1BA33BDD00A3CE99 /* libz.dylib */,
				BA8482DB1BA33BCD00A3CE99 /* SystemConfiguration.framework */,
				BA8482D91BA33BC200A3CE99 /* StoreKit.framework */,
				BA8482D71BA33BBB00A3CE99 /* Security.framework */,
				BA8482D51BA33BB500A3CE99 /* QuartzCore.framework */,
				BA8482D31BA33B7900A3CE99 /* CoreLocation.framework */,
				BA8482D11BA33B7300A3CE99 /* CoreGraphics.framework */,
				BA8482CF1BA33B6D00A3CE99 /* CFNetwork.framework */,
				BA8482CD1BA33B6800A3CE99 /* AudioToolbox.framework */,
			);
			name = Frameworks;
			path = Melodious;
			sourceTree = "<group>";
		};
		BAC0A0F41BC2FA1300A114E2 /* Model */ = {
			isa = PBXGroup;
			children = (
				BAC0A0F71BC2FA6F00A114E2 /* Game.swift */,
				BA50C9811BC4782D00305108 /* User.swift */,
			);
			name = Model;
			sourceTree = "<group>";
		};
		BAC0A0F51BC2FA1E00A114E2 /* View */ = {
			isa = PBXGroup;
			children = (
				BA8482B11BA338EF00A3CE99 /* Main.storyboard */,
				BA8482B61BA338EF00A3CE99 /* LaunchScreen.xib */,
				BA8482B41BA338EF00A3CE99 /* Images.xcassets */,
			);
			name = View;
			sourceTree = "<group>";
		};
		BAC0A0F61BC2FA3000A114E2 /* Controllers */ = {
			isa = PBXGroup;
			children = (
				BADE0B5B1BB9B30800C633EA /* Home Tab */,
				BA50C9971BC4D39700305108 /* New Game */,
				BA50C98B1BC48C7500305108 /* Profile */,
			);
			name = Controllers;
			sourceTree = "<group>";
		};
		BADE0B5B1BB9B30800C633EA /* Home Tab */ = {
			isa = PBXGroup;
			children = (
				BACD55061BBDF4780071C22B /* HomeTVC.swift */,
				BADE0B5C1BB9B31E00C633EA /* Cells */,
			);
			name = "Home Tab";
			sourceTree = "<group>";
		};
		BADE0B5C1BB9B31E00C633EA /* Cells */ = {
			isa = PBXGroup;
			children = (
				BAB165441BBF3A420078C280 /* NewGameCell.swift */,
				BAB165481BBF3A630078C280 /* WaitingCell.swift */,
			);
			name = Cells;
			sourceTree = "<group>";
		};
/* End PBXGroup section */

/* Begin PBXNativeTarget section */
		BA8482A51BA338EF00A3CE99 /* Melodious */ = {
			isa = PBXNativeTarget;
			buildConfigurationList = BA8482C71BA338EF00A3CE99 /* Build configuration list for PBXNativeTarget "Melodious" */;
			buildPhases = (
				BA8482A21BA338EF00A3CE99 /* Sources */,
				BA8482A31BA338EF00A3CE99 /* Frameworks */,
				BA8482A41BA338EF00A3CE99 /* Resources */,
			);
			buildRules = (
			);
			dependencies = (
			);
			name = Melodious;
			productName = Melodious;
			productReference = BA8482A61BA338EF00A3CE99 /* Melodious.app */;
			productType = "com.apple.product-type.application";
		};
		BA8482BC1BA338EF00A3CE99 /* MelodiousTests */ = {
			isa = PBXNativeTarget;
			buildConfigurationList = BA8482CA1BA338EF00A3CE99 /* Build configuration list for PBXNativeTarget "MelodiousTests" */;
			buildPhases = (
				BA8482B91BA338EF00A3CE99 /* Sources */,
				BA8482BA1BA338EF00A3CE99 /* Frameworks */,
				BA8482BB1BA338EF00A3CE99 /* Resources */,
			);
			buildRules = (
			);
			dependencies = (
				BA8482BF1BA338EF00A3CE99 /* PBXTargetDependency */,
			);
			name = MelodiousTests;
			productName = MelodiousTests;
			productReference = BA8482BD1BA338EF00A3CE99 /* MelodiousTests.xctest */;
			productType = "com.apple.product-type.bundle.unit-test";
		};
/* End PBXNativeTarget section */

/* Begin PBXProject section */
		BA84829E1BA338EF00A3CE99 /* Project object */ = {
			isa = PBXProject;
			attributes = {
				LastUpgradeCheck = 0640;
				ORGANIZATIONNAME = "Charles Wesley Cho";
				TargetAttributes = {
					BA8482A51BA338EF00A3CE99 = {
						CreatedOnToolsVersion = 6.4;
					};
					BA8482BC1BA338EF00A3CE99 = {
						CreatedOnToolsVersion = 6.4;
						TestTargetID = BA8482A51BA338EF00A3CE99;
					};
				};
			};
			buildConfigurationList = BA8482A11BA338EF00A3CE99 /* Build configuration list for PBXProject "Melodious" */;
			compatibilityVersion = "Xcode 3.2";
			developmentRegion = English;
			hasScannedForEncodings = 0;
			knownRegions = (
				en,
				Base,
			);
			mainGroup = BA84829D1BA338EF00A3CE99;
			productRefGroup = BA8482A71BA338EF00A3CE99 /* Products */;
			projectDirPath = "";
			projectRoot = "";
			targets = (
				BA8482A51BA338EF00A3CE99 /* Melodious */,
				BA8482BC1BA338EF00A3CE99 /* MelodiousTests */,
			);
		};
/* End PBXProject section */

/* Begin PBXResourcesBuildPhase section */
		BA8482A41BA338EF00A3CE99 /* Resources */ = {
			isa = PBXResourcesBuildPhase;
			buildActionMask = 2147483647;
			files = (
				BA8482B31BA338EF00A3CE99 /* Main.storyboard in Resources */,
				BA8482B81BA338EF00A3CE99 /* LaunchScreen.xib in Resources */,
				BA8482B51BA338EF00A3CE99 /* Images.xcassets in Resources */,
			);
			runOnlyForDeploymentPostprocessing = 0;
		};
		BA8482BB1BA338EF00A3CE99 /* Resources */ = {
			isa = PBXResourcesBuildPhase;
			buildActionMask = 2147483647;
			files = (
			);
			runOnlyForDeploymentPostprocessing = 0;
		};
/* End PBXResourcesBuildPhase section */

/* Begin PBXSourcesBuildPhase section */
		BA8482A21BA338EF00A3CE99 /* Sources */ = {
			isa = PBXSourcesBuildPhase;
			buildActionMask = 2147483647;
			files = (
				BA50C99A1BC4D3E500305108 /* FriendCell.swift in Sources */,
				BA50C9921BC48D9400305108 /* ProfileTVC.swift in Sources */,
				BA8482F61BA34F2100A3CE99 /* NewGame.swift in Sources */,
				BA50C99E1BC4D7A000305108 /* FriendSearch.swift in Sources */,
				BAB165451BBF3A420078C280 /* NewGameCell.swift in Sources */,
				BACD55071BBDF4780071C22B /* HomeTVC.swift in Sources */,
				BA50C9821BC4782D00305108 /* User.swift in Sources */,
				BA8482AC1BA338EF00A3CE99 /* AppDelegate.swift in Sources */,
				BA50C98E1BC48D4300305108 /* ProfileCell.swift in Sources */,
				BAB165491BBF3A630078C280 /* WaitingCell.swift in Sources */,
				BA50C9901BC48D6600305108 /* ScoreCell.swift in Sources */,
				BAC0A0F81BC2FA6F00A114E2 /* Game.swift in Sources */,
			);
			runOnlyForDeploymentPostprocessing = 0;
		};
		BA8482B91BA338EF00A3CE99 /* Sources */ = {
			isa = PBXSourcesBuildPhase;
			buildActionMask = 2147483647;
			files = (
				BA8482C41BA338EF00A3CE99 /* MelodiousTests.swift in Sources */,
			);
			runOnlyForDeploymentPostprocessing = 0;
		};
/* End PBXSourcesBuildPhase section */

/* Begin PBXTargetDependency section */
		BA8482BF1BA338EF00A3CE99 /* PBXTargetDependency */ = {
			isa = PBXTargetDependency;
			target = BA8482A51BA338EF00A3CE99 /* Melodious */;
			targetProxy = BA8482BE1BA338EF00A3CE99 /* PBXContainerItemProxy */;
		};
/* End PBXTargetDependency section */

/* Begin PBXVariantGroup section */
		BA8482B11BA338EF00A3CE99 /* Main.storyboard */ = {
			isa = PBXVariantGroup;
			children = (
				BA8482B21BA338EF00A3CE99 /* Base */,
			);
			name = Main.storyboard;
			sourceTree = "<group>";
		};
		BA8482B61BA338EF00A3CE99 /* LaunchScreen.xib */ = {
			isa = PBXVariantGroup;
			children = (
				BA8482B71BA338EF00A3CE99 /* Base */,
			);
			name = LaunchScreen.xib;
			sourceTree = "<group>";
		};
/* End PBXVariantGroup section */

/* Begin XCBuildConfiguration section */
		BA8482C51BA338EF00A3CE99 /* Debug */ = {
			isa = XCBuildConfiguration;
			buildSettings = {
				ALWAYS_SEARCH_USER_PATHS = NO;
				CLANG_CXX_LANGUAGE_STANDARD = "gnu++0x";
				CLANG_CXX_LIBRARY = "libc++";
				CLANG_ENABLE_MODULES = YES;
				CLANG_ENABLE_OBJC_ARC = YES;
				CLANG_WARN_BOOL_CONVERSION = YES;
				CLANG_WARN_CONSTANT_CONVERSION = YES;
				CLANG_WARN_DIRECT_OBJC_ISA_USAGE = YES_ERROR;
				CLANG_WARN_EMPTY_BODY = YES;
				CLANG_WARN_ENUM_CONVERSION = YES;
				CLANG_WARN_INT_CONVERSION = YES;
				CLANG_WARN_OBJC_ROOT_CLASS = YES_ERROR;
				CLANG_WARN_UNREACHABLE_CODE = YES;
				CLANG_WARN__DUPLICATE_METHOD_MATCH = YES;
				"CODE_SIGN_IDENTITY[sdk=iphoneos*]" = "iPhone Developer";
				COPY_PHASE_STRIP = NO;
				DEBUG_INFORMATION_FORMAT = "dwarf-with-dsym";
				ENABLE_STRICT_OBJC_MSGSEND = YES;
				GCC_C_LANGUAGE_STANDARD = gnu99;
				GCC_DYNAMIC_NO_PIC = NO;
				GCC_NO_COMMON_BLOCKS = YES;
				GCC_OPTIMIZATION_LEVEL = 0;
				GCC_PREPROCESSOR_DEFINITIONS = (
					"DEBUG=1",
					"$(inherited)",
				);
				GCC_SYMBOLS_PRIVATE_EXTERN = NO;
				GCC_WARN_64_TO_32_BIT_CONVERSION = YES;
				GCC_WARN_ABOUT_RETURN_TYPE = YES_ERROR;
				GCC_WARN_UNDECLARED_SELECTOR = YES;
				GCC_WARN_UNINITIALIZED_AUTOS = YES_AGGRESSIVE;
				GCC_WARN_UNUSED_FUNCTION = YES;
				GCC_WARN_UNUSED_VARIABLE = YES;
				IPHONEOS_DEPLOYMENT_TARGET = 8.4;
				MTL_ENABLE_DEBUG_INFO = YES;
				ONLY_ACTIVE_ARCH = YES;
				SDKROOT = iphoneos;
				SWIFT_OPTIMIZATION_LEVEL = "-Onone";
			};
			name = Debug;
		};
		BA8482C61BA338EF00A3CE99 /* Release */ = {
			isa = XCBuildConfiguration;
			buildSettings = {
				ALWAYS_SEARCH_USER_PATHS = NO;
				CLANG_CXX_LANGUAGE_STANDARD = "gnu++0x";
				CLANG_CXX_LIBRARY = "libc++";
				CLANG_ENABLE_MODULES = YES;
				CLANG_ENABLE_OBJC_ARC = YES;
				CLANG_WARN_BOOL_CONVERSION = YES;
				CLANG_WARN_CONSTANT_CONVERSION = YES;
				CLANG_WARN_DIRECT_OBJC_ISA_USAGE = YES_ERROR;
				CLANG_WARN_EMPTY_BODY = YES;
				CLANG_WARN_ENUM_CONVERSION = YES;
				CLANG_WARN_INT_CONVERSION = YES;
				CLANG_WARN_OBJC_ROOT_CLASS = YES_ERROR;
				CLANG_WARN_UNREACHABLE_CODE = YES;
				CLANG_WARN__DUPLICATE_METHOD_MATCH = YES;
				"CODE_SIGN_IDENTITY[sdk=iphoneos*]" = "iPhone Developer";
				COPY_PHASE_STRIP = NO;
				DEBUG_INFORMATION_FORMAT = "dwarf-with-dsym";
				ENABLE_NS_ASSERTIONS = NO;
				ENABLE_STRICT_OBJC_MSGSEND = YES;
				GCC_C_LANGUAGE_STANDARD = gnu99;
				GCC_NO_COMMON_BLOCKS = YES;
				GCC_WARN_64_TO_32_BIT_CONVERSION = YES;
				GCC_WARN_ABOUT_RETURN_TYPE = YES_ERROR;
				GCC_WARN_UNDECLARED_SELECTOR = YES;
				GCC_WARN_UNINITIALIZED_AUTOS = YES_AGGRESSIVE;
				GCC_WARN_UNUSED_FUNCTION = YES;
				GCC_WARN_UNUSED_VARIABLE = YES;
				IPHONEOS_DEPLOYMENT_TARGET = 8.4;
				MTL_ENABLE_DEBUG_INFO = NO;
				SDKROOT = iphoneos;
				VALIDATE_PRODUCT = YES;
			};
			name = Release;
		};
		BA8482C81BA338EF00A3CE99 /* Debug */ = {
			isa = XCBuildConfiguration;
			buildSettings = {
				ASSETCATALOG_COMPILER_APPICON_NAME = AppIcon;
				FRAMEWORK_SEARCH_PATHS = (
					"$(inherited)",
					"/Users/charleswesleycho/Documents/parse-library-1.8.3",
					"$(PROJECT_DIR)/Melodious",
					"/Users/charleswesleycho/Documents/FacebookSDKs-iOS-20150813",
				);
				INFOPLIST_FILE = Melodious/Info.plist;
				LD_RUNPATH_SEARCH_PATHS = "$(inherited) @executable_path/Frameworks";
				PRODUCT_NAME = "$(TARGET_NAME)";
			};
			name = Debug;
		};
		BA8482C91BA338EF00A3CE99 /* Release */ = {
			isa = XCBuildConfiguration;
			buildSettings = {
				ASSETCATALOG_COMPILER_APPICON_NAME = AppIcon;
				FRAMEWORK_SEARCH_PATHS = (
					"$(inherited)",
					"/Users/charleswesleycho/Documents/parse-library-1.8.3",
					"$(PROJECT_DIR)/Melodious",
					"/Users/charleswesleycho/Documents/FacebookSDKs-iOS-20150813",
				);
				INFOPLIST_FILE = Melodious/Info.plist;
				LD_RUNPATH_SEARCH_PATHS = "$(inherited) @executable_path/Frameworks";
				PRODUCT_NAME = "$(TARGET_NAME)";
			};
			name = Release;
		};
		BA8482CB1BA338EF00A3CE99 /* Debug */ = {
			isa = XCBuildConfiguration;
			buildSettings = {
				BUNDLE_LOADER = "$(TEST_HOST)";
				FRAMEWORK_SEARCH_PATHS = (
					"$(SDKROOT)/Developer/Library/Frameworks",
					"$(inherited)",
				);
				GCC_PREPROCESSOR_DEFINITIONS = (
					"DEBUG=1",
					"$(inherited)",
				);
				INFOPLIST_FILE = MelodiousTests/Info.plist;
				LD_RUNPATH_SEARCH_PATHS = "$(inherited) @executable_path/Frameworks @loader_path/Frameworks";
				PRODUCT_NAME = "$(TARGET_NAME)";
				TEST_HOST = "$(BUILT_PRODUCTS_DIR)/Melodious.app/Melodious";
			};
			name = Debug;
		};
		BA8482CC1BA338EF00A3CE99 /* Release */ = {
			isa = XCBuildConfiguration;
			buildSettings = {
				BUNDLE_LOADER = "$(TEST_HOST)";
				FRAMEWORK_SEARCH_PATHS = (
					"$(SDKROOT)/Developer/Library/Frameworks",
					"$(inherited)",
				);
				INFOPLIST_FILE = MelodiousTests/Info.plist;
				LD_RUNPATH_SEARCH_PATHS = "$(inherited) @executable_path/Frameworks @loader_path/Frameworks";
				PRODUCT_NAME = "$(TARGET_NAME)";
				TEST_HOST = "$(BUILT_PRODUCTS_DIR)/Melodious.app/Melodious";
			};
			name = Release;
		};
/* End XCBuildConfiguration section */

/* Begin XCConfigurationList section */
		BA8482A11BA338EF00A3CE99 /* Build configuration list for PBXProject "Melodious" */ = {
			isa = XCConfigurationList;
			buildConfigurations = (
				BA8482C51BA338EF00A3CE99 /* Debug */,
				BA8482C61BA338EF00A3CE99 /* Release */,
			);
			defaultConfigurationIsVisible = 0;
			defaultConfigurationName = Release;
		};
		BA8482C71BA338EF00A3CE99 /* Build configuration list for PBXNativeTarget "Melodious" */ = {
			isa = XCConfigurationList;
			buildConfigurations = (
				BA8482C81BA338EF00A3CE99 /* Debug */,
				BA8482C91BA338EF00A3CE99 /* Release */,
			);
			defaultConfigurationIsVisible = 0;
			defaultConfigurationName = Release;
		};
		BA8482CA1BA338EF00A3CE99 /* Build configuration list for PBXNativeTarget "MelodiousTests" */ = {
			isa = XCConfigurationList;
			buildConfigurations = (
				BA8482CB1BA338EF00A3CE99 /* Debug */,
				BA8482CC1BA338EF00A3CE99 /* Release */,
			);
			defaultConfigurationIsVisible = 0;
			defaultConfigurationName = Release;
		};
/* End XCConfigurationList section */
	};
	rootObject = BA84829E1BA338EF00A3CE99 /* Project object */;
}
